
Microsoft Visual Studio Solution File, Format Version 12.00
# Visual Studio Version 17
VisualStudioVersion = 17.5.33530.505
MinimumVisualStudioVersion = 10.0.40219.1
Project("{FAE04EC0-301F-11D3-BF4B-00C04F79EFBC}") = "jwt-authentication-api", "jwt-authentication-api\jwt-authentication-api.csproj", "{E1F98096-105C-4CB3-97B5-D1DD10B8408B}"
EndProject
Global
	GlobalSection(SolutionConfigurationPlatforms) = preSolution
		Debug|Any CPU = Debug|Any CPU
		Release|Any CPU = Release|Any CPU
	EndGlobalSection
	GlobalSection(ProjectConfigurationPlatforms) = postSolution
		{E1F98096-105C-4CB3-97B5-D1DD10B8408B}.Debug|Any CPU.ActiveCfg = Debug|Any CPU
		{E1F98096-105C-4CB3-97B5-D1DD10B8408B}.Debug|Any CPU.Build.0 = Debug|Any CPU
		{E1F98096-105C-4CB3-97B5-D1DD10B8408B}.Release|Any CPU.ActiveCfg = Release|Any CPU
		{E1F98096-105C-4CB3-97B5-D1DD10B8408B}.Release|Any CPU.Build.0 = Release|Any CPU
	EndGlobalSection
	GlobalSection(SolutionProperties) = preSolution
		HideSolutionNode = FALSE
	EndGlobalSection
	GlobalSection(ExtensibilityGlobals) = postSolution
		SolutionGuid = {9B519BDA-A786-46FD-8A9B-6EF9979854AA}
	EndGlobalSection
EndGlobal
